
Microsoft Visual Studio Solution File, Format Version 12.00
# Visual Studio Version 16
VisualStudioVersion = 16.0.31205.134
MinimumVisualStudioVersion = 10.0.40219.1
Project("{FAE04EC0-301F-11D3-BF4B-00C04F79EFBC}") = "OOP_Polymorphism", "OOP_Polymorphism.csproj", "{B00C34C2-A979-476F-96B5-2C02FE26B625}"
EndProject
Global
	GlobalSection(SolutionConfigurationPlatforms) = preSolution
		Debug|Any CPU = Debug|Any CPU
		Release|Any CPU = Release|Any CPU
	EndGlobalSection
	GlobalSection(ProjectConfigurationPlatforms) = postSolution
		{B00C34C2-A979-476F-96B5-2C02FE26B625}.Debug|Any CPU.ActiveCfg = Debug|Any CPU
		{B00C34C2-A979-476F-96B5-2C02FE26B625}.Debug|Any CPU.Build.0 = Debug|Any CPU
		{B00C34C2-A979-476F-96B5-2C02FE26B625}.Release|Any CPU.ActiveCfg = Release|Any CPU
		{B00C34C2-A979-476F-96B5-2C02FE26B625}.Release|Any CPU.Build.0 = Release|Any CPU
	EndGlobalSection
	GlobalSection(SolutionProperties) = preSolution
		HideSolutionNode = FALSE
	EndGlobalSection
	GlobalSection(ExtensibilityGlobals) = postSolution
		SolutionGuid = {4D11B559-43B2-4B9B-8D4D-B4B2220FD95D}
	EndGlobalSection
EndGlobal
